// !$*UTF8*$!
{
	archiveVersion = 1;
	classes = {
	};
	objectVersion = 50;
	objects = {

/* Begin PBXBuildFile section */
		64728D8924CA013100728825 /* UltimasDeclaracoesView.swift in Sources */ = {isa = PBXBuildFile; fileRef = 64728D8824CA013100728825 /* UltimasDeclaracoesView.swift */; };
		64728D8B24CA031A00728825 /* ProgressBar.swift in Sources */ = {isa = PBXBuildFile; fileRef = 64728D8A24CA031A00728825 /* ProgressBar.swift */; };
		64728D8D24CA07E700728825 /* DeclaracoesView.swift in Sources */ = {isa = PBXBuildFile; fileRef = 64728D8C24CA07E700728825 /* DeclaracoesView.swift */; };
		64728D9024CA08B500728825 /* TributacoesView.swift in Sources */ = {isa = PBXBuildFile; fileRef = 64728D8F24CA08B500728825 /* TributacoesView.swift */; };
		64AD3FEF24C99FA000B3E86D /* MenuView.swift in Sources */ = {isa = PBXBuildFile; fileRef = 64AD3FEE24C99FA000B3E86D /* MenuView.swift */; };
		64AD3FF124C9A0E100B3E86D /* Color.swift in Sources */ = {isa = PBXBuildFile; fileRef = 64AD3FF024C9A0E100B3E86D /* Color.swift */; };
		64AD3FF324C9A76D00B3E86D /* MenuItemView.swift in Sources */ = {isa = PBXBuildFile; fileRef = 64AD3FF224C9A76D00B3E86D /* MenuItemView.swift */; };
		64AD3FF524C9AF0E00B3E86D /* NovaDeclaracaoButton.swift in Sources */ = {isa = PBXBuildFile; fileRef = 64AD3FF424C9AF0E00B3E86D /* NovaDeclaracaoButton.swift */; };
		64AD3FF724C9B2C700B3E86D /* ProfileImageView.swift in Sources */ = {isa = PBXBuildFile; fileRef = 64AD3FF624C9B2C700B3E86D /* ProfileImageView.swift */; };
		64AD3FF924C9C9DD00B3E86D /* WelcomeView.swift in Sources */ = {isa = PBXBuildFile; fileRef = 64AD3FF824C9C9DD00B3E86D /* WelcomeView.swift */; };
		64AD3FFB24C9CC8000B3E86D /* RoundedCorner.swift in Sources */ = {isa = PBXBuildFile; fileRef = 64AD3FFA24C9CC8000B3E86D /* RoundedCorner.swift */; };
		64AD3FFD24C9CC9B00B3E86D /* View.swift in Sources */ = {isa = PBXBuildFile; fileRef = 64AD3FFC24C9CC9B00B3E86D /* View.swift */; };
		64AD3FFF24C9F41600B3E86D /* TitleAndSubtitleView.swift in Sources */ = {isa = PBXBuildFile; fileRef = 64AD3FFE24C9F41600B3E86D /* TitleAndSubtitleView.swift */; };
		64AD400124C9F68300B3E86D /* DeclaracaoAjusteAnualView.swift in Sources */ = {isa = PBXBuildFile; fileRef = 64AD400024C9F68300B3E86D /* DeclaracaoAjusteAnualView.swift */; };
		64AD400324C9F77900B3E86D /* TiposDeclaracaoView.swift in Sources */ = {isa = PBXBuildFile; fileRef = 64AD400224C9F77900B3E86D /* TiposDeclaracaoView.swift */; };
		64E4E5AD24C99EA200E84AFD /* AppDelegate.swift in Sources */ = {isa = PBXBuildFile; fileRef = 64E4E5AC24C99EA200E84AFD /* AppDelegate.swift */; };
		64E4E5AF24C99EA200E84AFD /* SceneDelegate.swift in Sources */ = {isa = PBXBuildFile; fileRef = 64E4E5AE24C99EA200E84AFD /* SceneDelegate.swift */; };
		64E4E5B124C99EA200E84AFD /* ContentView.swift in Sources */ = {isa = PBXBuildFile; fileRef = 64E4E5B024C99EA200E84AFD /* ContentView.swift */; };
		64E4E5B324C99EA400E84AFD /* Assets.xcassets in Resources */ = {isa = PBXBuildFile; fileRef = 64E4E5B224C99EA400E84AFD /* Assets.xcassets */; };
		64E4E5B624C99EA400E84AFD /* Preview Assets.xcassets in Resources */ = {isa = PBXBuildFile; fileRef = 64E4E5B524C99EA400E84AFD /* Preview Assets.xcassets */; };
		64E4E5B924C99EA400E84AFD /* LaunchScreen.storyboard in Resources */ = {isa = PBXBuildFile; fileRef = 64E4E5B724C99EA400E84AFD /* LaunchScreen.storyboard */; };
		64F247BB24CA2FC200ED89B6 /* README in Resources */ = {isa = PBXBuildFile; fileRef = 64F247BA24CA2FC200ED89B6 /* README */; };
/* End PBXBuildFile section */

/* Begin PBXFileReference section */
		64728D8824CA013100728825 /* UltimasDeclaracoesView.swift */ = {isa = PBXFileReference; lastKnownFileType = sourcecode.swift; path = UltimasDeclaracoesView.swift; sourceTree = "<group>"; };
		64728D8A24CA031A00728825 /* ProgressBar.swift */ = {isa = PBXFileReference; lastKnownFileType = sourcecode.swift; path = ProgressBar.swift; sourceTree = "<group>"; };
		64728D8C24CA07E700728825 /* DeclaracoesView.swift */ = {isa = PBXFileReference; lastKnownFileType = sourcecode.swift; path = DeclaracoesView.swift; sourceTree = "<group>"; };
		64728D8F24CA08B500728825 /* TributacoesView.swift */ = {isa = PBXFileReference; lastKnownFileType = sourcecode.swift; path = TributacoesView.swift; sourceTree = "<group>"; };
		64AD3FEE24C99FA000B3E86D /* MenuView.swift */ = {isa = PBXFileReference; lastKnownFileType = sourcecode.swift; path = MenuView.swift; sourceTree = "<group>"; };
		64AD3FF024C9A0E100B3E86D /* Color.swift */ = {isa = PBXFileReference; lastKnownFileType = sourcecode.swift; path = Color.swift; sourceTree = "<group>"; };
		64AD3FF224C9A76D00B3E86D /* MenuItemView.swift */ = {isa = PBXFileReference; lastKnownFileType = sourcecode.swift; path = MenuItemView.swift; sourceTree = "<group>"; };
		64AD3FF424C9AF0E00B3E86D /* NovaDeclaracaoButton.swift */ = {isa = PBXFileReference; lastKnownFileType = sourcecode.swift; path = NovaDeclaracaoButton.swift; sourceTree = "<group>"; };
		64AD3FF624C9B2C700B3E86D /* ProfileImageView.swift */ = {isa = PBXFileReference; lastKnownFileType = sourcecode.swift; path = ProfileImageView.swift; sourceTree = "<group>"; };
		64AD3FF824C9C9DD00B3E86D /* WelcomeView.swift */ = {isa = PBXFileReference; lastKnownFileType = sourcecode.swift; path = WelcomeView.swift; sourceTree = "<group>"; };
		64AD3FFA24C9CC8000B3E86D /* RoundedCorner.swift */ = {isa = PBXFileReference; lastKnownFileType = sourcecode.swift; path = RoundedCorner.swift; sourceTree = "<group>"; };
		64AD3FFC24C9CC9B00B3E86D /* View.swift */ = {isa = PBXFileReference; lastKnownFileType = sourcecode.swift; path = View.swift; sourceTree = "<group>"; };
		64AD3FFE24C9F41600B3E86D /* TitleAndSubtitleView.swift */ = {isa = PBXFileReference; lastKnownFileType = sourcecode.swift; path = TitleAndSubtitleView.swift; sourceTree = "<group>"; };
		64AD400024C9F68300B3E86D /* DeclaracaoAjusteAnualView.swift */ = {isa = PBXFileReference; lastKnownFileType = sourcecode.swift; path = DeclaracaoAjusteAnualView.swift; sourceTree = "<group>"; };
		64AD400224C9F77900B3E86D /* TiposDeclaracaoView.swift */ = {isa = PBXFileReference; lastKnownFileType = sourcecode.swift; path = TiposDeclaracaoView.swift; sourceTree = "<group>"; };
		64E4E5A924C99EA200E84AFD /* IRPF.app */ = {isa = PBXFileReference; explicitFileType = wrapper.application; includeInIndex = 0; path = IRPF.app; sourceTree = BUILT_PRODUCTS_DIR; };
		64E4E5AC24C99EA200E84AFD /* AppDelegate.swift */ = {isa = PBXFileReference; lastKnownFileType = sourcecode.swift; path = AppDelegate.swift; sourceTree = "<group>"; };
		64E4E5AE24C99EA200E84AFD /* SceneDelegate.swift */ = {isa = PBXFileReference; lastKnownFileType = sourcecode.swift; path = SceneDelegate.swift; sourceTree = "<group>"; };
		64E4E5B024C99EA200E84AFD /* ContentView.swift */ = {isa = PBXFileReference; lastKnownFileType = sourcecode.swift; path = ContentView.swift; sourceTree = "<group>"; };
		64E4E5B224C99EA400E84AFD /* Assets.xcassets */ = {isa = PBXFileReference; lastKnownFileType = folder.assetcatalog; path = Assets.xcassets; sourceTree = "<group>"; };
		64E4E5B524C99EA400E84AFD /* Preview Assets.xcassets */ = {isa = PBXFileReference; lastKnownFileType = folder.assetcatalog; path = "Preview Assets.xcassets"; sourceTree = "<group>"; };
		64E4E5B824C99EA400E84AFD /* Base */ = {isa = PBXFileReference; lastKnownFileType = file.storyboard; name = Base; path = Base.lproj/LaunchScreen.storyboard; sourceTree = "<group>"; };
		64E4E5BA24C99EA400E84AFD /* Info.plist */ = {isa = PBXFileReference; lastKnownFileType = text.plist.xml; path = Info.plist; sourceTree = "<group>"; };
		64F247BA24CA2FC200ED89B6 /* README */ = {isa = PBXFileReference; lastKnownFileType = text; path = README; sourceTree = "<group>"; };
/* End PBXFileReference section */

/* Begin PBXFrameworksBuildPhase section */
		64E4E5A624C99EA200E84AFD /* Frameworks */ = {
			isa = PBXFrameworksBuildPhase;
			buildActionMask = 2147483647;
			files = (
			);
			runOnlyForDeploymentPostprocessing = 0;
		};
/* End PBXFrameworksBuildPhase section */

/* Begin PBXGroup section */
		64728D8E24CA083A00728825 /* declaracoes */ = {
			isa = PBXGroup;
			children = (
				64728D8C24CA07E700728825 /* DeclaracoesView.swift */,
				64AD400024C9F68300B3E86D /* DeclaracaoAjusteAnualView.swift */,
				64AD400224C9F77900B3E86D /* TiposDeclaracaoView.swift */,
				64728D8824CA013100728825 /* UltimasDeclaracoesView.swift */,
			);
			path = declaracoes;
			sourceTree = "<group>";
		};
		64728D9124CA0D0B00728825 /* tributacoes */ = {
			isa = PBXGroup;
			children = (
				64728D8A24CA031A00728825 /* ProgressBar.swift */,
				64728D8F24CA08B500728825 /* TributacoesView.swift */,
			);
			path = tributacoes;
			sourceTree = "<group>";
		};
		64AD400424C9FEA600B3E86D /* extensions */ = {
			isa = PBXGroup;
			children = (
				64AD3FF024C9A0E100B3E86D /* Color.swift */,
				64AD3FFC24C9CC9B00B3E86D /* View.swift */,
			);
			path = extensions;
			sourceTree = "<group>";
		};
		64AD400524C9FEBA00B3E86D /* menu */ = {
			isa = PBXGroup;
			children = (
				64AD3FEE24C99FA000B3E86D /* MenuView.swift */,
				64AD3FF624C9B2C700B3E86D /* ProfileImageView.swift */,
				64AD3FF224C9A76D00B3E86D /* MenuItemView.swift */,
			);
			path = menu;
			sourceTree = "<group>";
		};
		64AD400624C9FEDD00B3E86D /* body */ = {
			isa = PBXGroup;
			children = (
				64728D8E24CA083A00728825 /* declaracoes */,
				64728D9124CA0D0B00728825 /* tributacoes */,
				64AD3FF824C9C9DD00B3E86D /* WelcomeView.swift */,
				64AD3FF424C9AF0E00B3E86D /* NovaDeclaracaoButton.swift */,
				64AD3FFE24C9F41600B3E86D /* TitleAndSubtitleView.swift */,
			);
			path = body;
			sourceTree = "<group>";
		};
		64E4E5A024C99EA200E84AFD = {
			isa = PBXGroup;
			children = (
				64F247BA24CA2FC200ED89B6 /* README */,
				64E4E5AB24C99EA200E84AFD /* IRPF */,
				64E4E5AA24C99EA200E84AFD /* Products */,
			);
			sourceTree = "<group>";
		};
		64E4E5AA24C99EA200E84AFD /* Products */ = {
			isa = PBXGroup;
			children = (
				64E4E5A924C99EA200E84AFD /* IRPF.app */,
			);
			name = Products;
			sourceTree = "<group>";
		};
		64E4E5AB24C99EA200E84AFD /* IRPF */ = {
			isa = PBXGroup;
			children = (
				64AD400524C9FEBA00B3E86D /* menu */,
				64AD400624C9FEDD00B3E86D /* body */,
				64AD400424C9FEA600B3E86D /* extensions */,
				64F247B924CA2F1D00ED89B6 /* custom */,
				64E4E5AC24C99EA200E84AFD /* AppDelegate.swift */,
				64E4E5AE24C99EA200E84AFD /* SceneDelegate.swift */,
				64E4E5B024C99EA200E84AFD /* ContentView.swift */,
				64E4E5B224C99EA400E84AFD /* Assets.xcassets */,
				64E4E5B724C99EA400E84AFD /* LaunchScreen.storyboard */,
				64E4E5BA24C99EA400E84AFD /* Info.plist */,
				64E4E5B424C99EA400E84AFD /* Preview Content */,
			);
			path = IRPF;
			sourceTree = "<group>";
		};
		64E4E5B424C99EA400E84AFD /* Preview Content */ = {
			isa = PBXGroup;
			children = (
				64E4E5B524C99EA400E84AFD /* Preview Assets.xcassets */,
			);
			path = "Preview Content";
			sourceTree = "<group>";
		};
		64F247B924CA2F1D00ED89B6 /* custom */ = {
			isa = PBXGroup;
			children = (
				64AD3FFA24C9CC8000B3E86D /* RoundedCorner.swift */,
			);
			path = custom;
			sourceTree = "<group>";
		};
/* End PBXGroup section */

/* Begin PBXNativeTarget section */
		64E4E5A824C99EA200E84AFD /* IRPF */ = {
			isa = PBXNativeTarget;
			buildConfigurationList = 64E4E5BD24C99EA400E84AFD /* Build configuration list for PBXNativeTarget "IRPF" */;
			buildPhases = (
				64E4E5A524C99EA200E84AFD /* Sources */,
				64E4E5A624C99EA200E84AFD /* Frameworks */,
				64E4E5A724C99EA200E84AFD /* Resources */,
			);
			buildRules = (
			);
			dependencies = (
			);
			name = IRPF;
			productName = IRPF;
			productReference = 64E4E5A924C99EA200E84AFD /* IRPF.app */;
			productType = "com.apple.product-type.application";
		};
/* End PBXNativeTarget section */

/* Begin PBXProject section */
		64E4E5A124C99EA200E84AFD /* Project object */ = {
			isa = PBXProject;
			attributes = {
				LastSwiftUpdateCheck = 1140;
				LastUpgradeCheck = 1140;
				ORGANIZATIONNAME = RPHLFC;
				TargetAttributes = {
					64E4E5A824C99EA200E84AFD = {
						CreatedOnToolsVersion = 11.4.1;
					};
				};
			};
			buildConfigurationList = 64E4E5A424C99EA200E84AFD /* Build configuration list for PBXProject "IRPF" */;
			compatibilityVersion = "Xcode 9.3";
			developmentRegion = en;
			hasScannedForEncodings = 0;
			knownRegions = (
				en,
				Base,
			);
			mainGroup = 64E4E5A024C99EA200E84AFD;
			productRefGroup = 64E4E5AA24C99EA200E84AFD /* Products */;
			projectDirPath = "";
			projectRoot = "";
			targets = (
				64E4E5A824C99EA200E84AFD /* IRPF */,
			);
		};
/* End PBXProject section */

/* Begin PBXResourcesBuildPhase section */
		64E4E5A724C99EA200E84AFD /* Resources */ = {
			isa = PBXResourcesBuildPhase;
			buildActionMask = 2147483647;
			files = (
				64F247BB24CA2FC200ED89B6 /* README in Resources */,
				64E4E5B924C99EA400E84AFD /* LaunchScreen.storyboard in Resources */,
				64E4E5B624C99EA400E84AFD /* Preview Assets.xcassets in Resources */,
				64E4E5B324C99EA400E84AFD /* Assets.xcassets in Resources */,
			);
			runOnlyForDeploymentPostprocessing = 0;
		};
/* End PBXResourcesBuildPhase section */

/* Begin PBXSourcesBuildPhase section */
		64E4E5A524C99EA200E84AFD /* Sources */ = {
			isa = PBXSourcesBuildPhase;
			buildActionMask = 2147483647;
			files = (
				64728D8924CA013100728825 /* UltimasDeclaracoesView.swift in Sources */,
				64AD3FF724C9B2C700B3E86D /* ProfileImageView.swift in Sources */,
				64E4E5AD24C99EA200E84AFD /* AppDelegate.swift in Sources */,
				64AD3FFB24C9CC8000B3E86D /* RoundedCorner.swift in Sources */,
				64AD3FFF24C9F41600B3E86D /* TitleAndSubtitleView.swift in Sources */,
				64AD3FEF24C99FA000B3E86D /* MenuView.swift in Sources */,
				64728D9024CA08B500728825 /* TributacoesView.swift in Sources */,
				64728D8B24CA031A00728825 /* ProgressBar.swift in Sources */,
				64AD400324C9F77900B3E86D /* TiposDeclaracaoView.swift in Sources */,
				64E4E5AF24C99EA200E84AFD /* SceneDelegate.swift in Sources */,
				64AD3FF524C9AF0E00B3E86D /* NovaDeclaracaoButton.swift in Sources */,
				64AD3FF924C9C9DD00B3E86D /* WelcomeView.swift in Sources */,
				64AD3FF324C9A76D00B3E86D /* MenuItemView.swift in Sources */,
				64AD3FF124C9A0E100B3E86D /* Color.swift in Sources */,
				64AD3FFD24C9CC9B00B3E86D /* View.swift in Sources */,
				64AD400124C9F68300B3E86D /* DeclaracaoAjusteAnualView.swift in Sources */,
				64728D8D24CA07E700728825 /* DeclaracoesView.swift in Sources */,
				64E4E5B124C99EA200E84AFD /* ContentView.swift in Sources */,
			);
			runOnlyForDeploymentPostprocessing = 0;
		};
/* End PBXSourcesBuildPhase section */

/* Begin PBXVariantGroup section */
		64E4E5B724C99EA400E84AFD /* LaunchScreen.storyboard */ = {
			isa = PBXVariantGroup;
			children = (
				64E4E5B824C99EA400E84AFD /* Base */,
			);
			name = LaunchScreen.storyboard;
			sourceTree = "<group>";
		};
/* End PBXVariantGroup section */

/* Begin XCBuildConfiguration section */
		64E4E5BB24C99EA400E84AFD /* Debug */ = {
			isa = XCBuildConfiguration;
			buildSettings = {
				ALWAYS_SEARCH_USER_PATHS = NO;
				CLANG_ANALYZER_NONNULL = YES;
				CLANG_ANALYZER_NUMBER_OBJECT_CONVERSION = YES_AGGRESSIVE;
				CLANG_CXX_LANGUAGE_STANDARD = "gnu++14";
				CLANG_CXX_LIBRARY = "libc++";
				CLANG_ENABLE_MODULES = YES;
				CLANG_ENABLE_OBJC_ARC = YES;
				CLANG_ENABLE_OBJC_WEAK = YES;
				CLANG_WARN_BLOCK_CAPTURE_AUTORELEASING = YES;
				CLANG_WARN_BOOL_CONVERSION = YES;
				CLANG_WARN_COMMA = YES;
				CLANG_WARN_CONSTANT_CONVERSION = YES;
				CLANG_WARN_DEPRECATED_OBJC_IMPLEMENTATIONS = YES;
				CLANG_WARN_DIRECT_OBJC_ISA_USAGE = YES_ERROR;
				CLANG_WARN_DOCUMENTATION_COMMENTS = YES;
				CLANG_WARN_EMPTY_BODY = YES;
				CLANG_WARN_ENUM_CONVERSION = YES;
				CLANG_WARN_INFINITE_RECURSION = YES;
				CLANG_WARN_INT_CONVERSION = YES;
				CLANG_WARN_NON_LITERAL_NULL_CONVERSION = YES;
				CLANG_WARN_OBJC_IMPLICIT_RETAIN_SELF = YES;
				CLANG_WARN_OBJC_LITERAL_CONVERSION = YES;
				CLANG_WARN_OBJC_ROOT_CLASS = YES_ERROR;
				CLANG_WARN_RANGE_LOOP_ANALYSIS = YES;
				CLANG_WARN_STRICT_PROTOTYPES = YES;
				CLANG_WARN_SUSPICIOUS_MOVE = YES;
				CLANG_WARN_UNGUARDED_AVAILABILITY = YES_AGGRESSIVE;
				CLANG_WARN_UNREACHABLE_CODE = YES;
				CLANG_WARN__DUPLICATE_METHOD_MATCH = YES;
				COPY_PHASE_STRIP = NO;
				DEBUG_INFORMATION_FORMAT = dwarf;
				ENABLE_STRICT_OBJC_MSGSEND = YES;
				ENABLE_TESTABILITY = YES;
				GCC_C_LANGUAGE_STANDARD = gnu11;
				GCC_DYNAMIC_NO_PIC = NO;
				GCC_NO_COMMON_BLOCKS = YES;
				GCC_OPTIMIZATION_LEVEL = 0;
				GCC_PREPROCESSOR_DEFINITIONS = (
					"DEBUG=1",
					"$(inherited)",
				);
				GCC_WARN_64_TO_32_BIT_CONVERSION = YES;
				GCC_WARN_ABOUT_RETURN_TYPE = YES_ERROR;
				GCC_WARN_UNDECLARED_SELECTOR = YES;
				GCC_WARN_UNINITIALIZED_AUTOS = YES_AGGRESSIVE;
				GCC_WARN_UNUSED_FUNCTION = YES;
				GCC_WARN_UNUSED_VARIABLE = YES;
				IPHONEOS_DEPLOYMENT_TARGET = 13.4;
				MTL_ENABLE_DEBUG_INFO = INCLUDE_SOURCE;
				MTL_FAST_MATH = YES;
				ONLY_ACTIVE_ARCH = YES;
				SDKROOT = iphoneos;
				SWIFT_ACTIVE_COMPILATION_CONDITIONS = DEBUG;
				SWIFT_OPTIMIZATION_LEVEL = "-Onone";
			};
			name = Debug;
		};
		64E4E5BC24C99EA400E84AFD /* Release */ = {
			isa = XCBuildConfiguration;
			buildSettings = {
				ALWAYS_SEARCH_USER_PATHS = NO;
				CLANG_ANALYZER_NONNULL = YES;
				CLANG_ANALYZER_NUMBER_OBJECT_CONVERSION = YES_AGGRESSIVE;
				CLANG_CXX_LANGUAGE_STANDARD = "gnu++14";
				CLANG_CXX_LIBRARY = "libc++";
				CLANG_ENABLE_MODULES = YES;
				CLANG_ENABLE_OBJC_ARC = YES;
				CLANG_ENABLE_OBJC_WEAK = YES;
				CLANG_WARN_BLOCK_CAPTURE_AUTORELEASING = YES;
				CLANG_WARN_BOOL_CONVERSION = YES;
				CLANG_WARN_COMMA = YES;
				CLANG_WARN_CONSTANT_CONVERSION = YES;
				CLANG_WARN_DEPRECATED_OBJC_IMPLEMENTATIONS = YES;
				CLANG_WARN_DIRECT_OBJC_ISA_USAGE = YES_ERROR;
				CLANG_WARN_DOCUMENTATION_COMMENTS = YES;
				CLANG_WARN_EMPTY_BODY = YES;
				CLANG_WARN_ENUM_CONVERSION = YES;
				CLANG_WARN_INFINITE_RECURSION = YES;
				CLANG_WARN_INT_CONVERSION = YES;
				CLANG_WARN_NON_LITERAL_NULL_CONVERSION = YES;
				CLANG_WARN_OBJC_IMPLICIT_RETAIN_SELF = YES;
				CLANG_WARN_OBJC_LITERAL_CONVERSION = YES;
				CLANG_WARN_OBJC_ROOT_CLASS = YES_ERROR;
				CLANG_WARN_RANGE_LOOP_ANALYSIS = YES;
				CLANG_WARN_STRICT_PROTOTYPES = YES;
				CLANG_WARN_SUSPICIOUS_MOVE = YES;
				CLANG_WARN_UNGUARDED_AVAILABILITY = YES_AGGRESSIVE;
				CLANG_WARN_UNREACHABLE_CODE = YES;
				CLANG_WARN__DUPLICATE_METHOD_MATCH = YES;
				COPY_PHASE_STRIP = NO;
				DEBUG_INFORMATION_FORMAT = "dwarf-with-dsym";
				ENABLE_NS_ASSERTIONS = NO;
				ENABLE_STRICT_OBJC_MSGSEND = YES;
				GCC_C_LANGUAGE_STANDARD = gnu11;
				GCC_NO_COMMON_BLOCKS = YES;
				GCC_WARN_64_TO_32_BIT_CONVERSION = YES;
				GCC_WARN_ABOUT_RETURN_TYPE = YES_ERROR;
				GCC_WARN_UNDECLARED_SELECTOR = YES;
				GCC_WARN_UNINITIALIZED_AUTOS = YES_AGGRESSIVE;
				GCC_WARN_UNUSED_FUNCTION = YES;
				GCC_WARN_UNUSED_VARIABLE = YES;
				IPHONEOS_DEPLOYMENT_TARGET = 13.4;
				MTL_ENABLE_DEBUG_INFO = NO;
				MTL_FAST_MATH = YES;
				SDKROOT = iphoneos;
				SWIFT_COMPILATION_MODE = wholemodule;
				SWIFT_OPTIMIZATION_LEVEL = "-O";
				VALIDATE_PRODUCT = YES;
			};
			name = Release;
		};
		64E4E5BE24C99EA400E84AFD /* Debug */ = {
			isa = XCBuildConfiguration;
			buildSettings = {
				ASSETCATALOG_COMPILER_APPICON_NAME = AppIcon;
				CODE_SIGN_STYLE = Automatic;
				DEVELOPMENT_ASSET_PATHS = "\"IRPF/Preview Content\"";
				ENABLE_PREVIEWS = YES;
				INFOPLIST_FILE = IRPF/Info.plist;
				LD_RUNPATH_SEARCH_PATHS = (
					"$(inherited)",
					"@executable_path/Frameworks",
				);
				PRODUCT_BUNDLE_IDENTIFIER = br.com.rphlfc.IRPF;
				PRODUCT_NAME = "$(TARGET_NAME)";
				SWIFT_VERSION = 5.0;
				TARGETED_DEVICE_FAMILY = "1,2";
			};
			name = Debug;
		};
		64E4E5BF24C99EA400E84AFD /* Release */ = {
			isa = XCBuildConfiguration;
			buildSettings = {
				ASSETCATALOG_COMPILER_APPICON_NAME = AppIcon;
				CODE_SIGN_STYLE = Automatic;
				DEVELOPMENT_ASSET_PATHS = "\"IRPF/Preview Content\"";
				ENABLE_PREVIEWS = YES;
				INFOPLIST_FILE = IRPF/Info.plist;
				LD_RUNPATH_SEARCH_PATHS = (
					"$(inherited)",
					"@executable_path/Frameworks",
				);
				PRODUCT_BUNDLE_IDENTIFIER = br.com.rphlfc.IRPF;
				PRODUCT_NAME = "$(TARGET_NAME)";
				SWIFT_VERSION = 5.0;
				TARGETED_DEVICE_FAMILY = "1,2";
			};
			name = Release;
		};
/* End XCBuildConfiguration section */

/* Begin XCConfigurationList section */
		64E4E5A424C99EA200E84AFD /* Build configuration list for PBXProject "IRPF" */ = {
			isa = XCConfigurationList;
			buildConfigurations = (
				64E4E5BB24C99EA400E84AFD /* Debug */,
				64E4E5BC24C99EA400E84AFD /* Release */,
			);
			defaultConfigurationIsVisible = 0;
			defaultConfigurationName = Release;
		};
		64E4E5BD24C99EA400E84AFD /* Build configuration list for PBXNativeTarget "IRPF" */ = {
			isa = XCConfigurationList;
			buildConfigurations = (
				64E4E5BE24C99EA400E84AFD /* Debug */,
				64E4E5BF24C99EA400E84AFD /* Release */,
			);
			defaultConfigurationIsVisible = 0;
			defaultConfigurationName = Release;
		};
/* End XCConfigurationList section */
	};
	rootObject = 64E4E5A124C99EA200E84AFD /* Project object */;
}
